
Microsoft Visual Studio Solution File, Format Version 12.00
# Visual Studio Version 18
VisualStudioVersion = 18.3.11520.95
MinimumVisualStudioVersion = 10.0.40219.1
Project("{FAE04EC0-301F-11D3-BF4B-00C04F79EFBC}") = "BankingApp.API", "BankingApp.API.csproj", "{A4FFCD0D-F5BA-85DA-519D-31FEF8B75045}"
EndProject
Global
	GlobalSection(SolutionConfigurationPlatforms) = preSolution
		Debug|Any CPU = Debug|Any CPU
		Release|Any CPU = Release|Any CPU
	EndGlobalSection
	GlobalSection(ProjectConfigurationPlatforms) = postSolution
		{A4FFCD0D-F5BA-85DA-519D-31FEF8B75045}.Debug|Any CPU.ActiveCfg = Debug|Any CPU
		{A4FFCD0D-F5BA-85DA-519D-31FEF8B75045}.Debug|Any CPU.Build.0 = Debug|Any CPU
		{A4FFCD0D-F5BA-85DA-519D-31FEF8B75045}.Release|Any CPU.ActiveCfg = Release|Any CPU
		{A4FFCD0D-F5BA-85DA-519D-31FEF8B75045}.Release|Any CPU.Build.0 = Release|Any CPU
	EndGlobalSection
	GlobalSection(SolutionProperties) = preSolution
		HideSolutionNode = FALSE
	EndGlobalSection
	GlobalSection(ExtensibilityGlobals) = postSolution
		SolutionGuid = {06D14BAA-56A2-4806-B785-01D1197E7A16}
	EndGlobalSection
EndGlobal
